{
    "version": 3,
    "terraform_version": "0.11.3",
    "serial": 2,
    "lineage": "08e0f8cd-b0e0-4239-bb63-2392dac6c435",
    "modules": [
        {
            "path": [
                "root"
            ],
            "outputs": {
                "IP address": {
                    "sensitive": false,
                    "type": "string",
                    "value": "172.17.0.3"
                },
                "container_name": {
                    "sensitive": false,
                    "type": "string",
                    "value": "prod_blog"
                }
            },
            "resources": {},
            "depends_on": []
        },
        {
            "path": [
                "root",
                "container"
            ],
            "outputs": {
                "ip": {
                    "sensitive": false,
                    "type": "string",
                    "value": "172.17.0.3"
                },
                "name": {
                    "sensitive": false,
                    "type": "string",
                    "value": "prod_blog"
                }
            },
            "resources": {
                "docker_container.container_id": {
                    "type": "docker_container",
                    "depends_on": [],
                    "primary": {
                        "id": "102e54f5012c196839174cb907fc8e586ee90c956b6e31e2a175ca8ea90f33f8",
                        "attributes": {
                            "bridge": "",
                            "gateway": "172.17.0.1",
                            "id": "102e54f5012c196839174cb907fc8e586ee90c956b6e31e2a175ca8ea90f33f8",
                            "image": "sha256:4f946ec71237420c45d9c9c8279f860287f3a901c682ce03c8050141dd449308",
                            "ip_address": "172.17.0.3",
                            "ip_prefix_length": "16",
                            "log_driver": "json-file",
                            "must_run": "true",
                            "name": "prod_blog",
                            "ports.#": "1",
                            "ports.2074585987.external": "80",
                            "ports.2074585987.internal": "2368",
                            "ports.2074585987.ip": "",
                            "ports.2074585987.protocol": "tcp",
                            "restart": "no"
                        },
                        "meta": {},
                        "tainted": false
                    },
                    "deposed": [],
                    "provider": "provider.docker"
                }
            },
            "depends_on": []
        },
        {
            "path": [
                "root",
                "image"
            ],
            "outputs": {
                "image_out": {
                    "sensitive": false,
                    "type": "string",
                    "value": "sha256:4f946ec71237420c45d9c9c8279f860287f3a901c682ce03c8050141dd449308"
                }
            },
            "resources": {
                "docker_image.image_id": {
                    "type": "docker_image",
                    "depends_on": [],
                    "primary": {
                        "id": "sha256:4f946ec71237420c45d9c9c8279f860287f3a901c682ce03c8050141dd449308ghost:alpine",
                        "attributes": {
                            "id": "sha256:4f946ec71237420c45d9c9c8279f860287f3a901c682ce03c8050141dd449308ghost:alpine",
                            "latest": "sha256:4f946ec71237420c45d9c9c8279f860287f3a901c682ce03c8050141dd449308",
                            "name": "ghost:alpine"
                        },
                        "meta": {},
                        "tainted": false
                    },
                    "deposed": [],
                    "provider": "provider.docker"
                }
            },
            "depends_on": []
        }
    ]
}
